{
  "name": "geekedu-applet",
  "version": "1.0.0",
  "lockfileVersion": 3,
  "requires": true,
  "packages": {
    "": {
      "name": "geekedu-applet",
      "version": "1.0.0",
      "license": "ISC",
      "dependencies": {
        "xgplayer": "^3.0.14",
        "xgplayer-flv": "^3.0.14"
      }
    },
    "node_modules/@babel/runtime": {
      "version": "7.24.1",
      "resolved": "https://registry.npmmirror.com/@babel/runtime/-/runtime-7.24.1.tgz",
      "integrity": "sha512-+BIznRzyqBf+2wCTxcKE3wDjfGeCoVE61KSHGpkzqrLi8qxqFwBeUFyId2cxkTmm55fzDGnm0+yCxaxygrLUnQ==",
      "dependencies": {
        "regenerator-runtime": "^0.14.0"
      },
      "engines": {
        "node": ">=6.9.0"
      }
    },
    "node_modules/concat-typed-array": {
      "version": "1.0.2",
      "resolved": "https://registry.npmmirror.com/concat-typed-array/-/concat-typed-array-1.0.2.tgz",
      "integrity": "sha512-aC878bxeWSlrY6h60cCDwBUXpKwovZrB7+C4+VHNO1CIXW2gBLxbQ757jWtOXUscLGgYI8R84N6uy9fTJPe+0g==",
      "deprecated": "WARNING: This package has been renamed to typed-array-concat.",
      "engines": {
        "node": ">=0.10.0"
      }
    },
    "node_modules/core-js": {
      "version": "3.36.1",
      "resolved": "https://registry.npmmirror.com/core-js/-/core-js-3.36.1.tgz",
      "integrity": "sha512-BTvUrwxVBezj5SZ3f10ImnX2oRByMxql3EimVqMysepbC9EeMUOpLwdy6Eoili2x6E4kf+ZUB5k/+Jv55alPfA==",
      "hasInstallScript": true,
      "peer": true
    },
    "node_modules/crypto-es": {
      "version": "1.2.7",
      "resolved": "https://registry.npmmirror.com/crypto-es/-/crypto-es-1.2.7.tgz",
      "integrity": "sha512-UUqiVJ2gUuZFmbFsKmud3uuLcNP2+Opt+5ysmljycFCyhA0+T16XJmo1ev/t5kMChMqWh7IEvURNCqsg+SjZGQ=="
    },
    "node_modules/d": {
      "version": "1.0.2",
      "resolved": "https://registry.npmmirror.com/d/-/d-1.0.2.tgz",
      "integrity": "sha512-MOqHvMWF9/9MX6nza0KgvFH4HpMU0EF5uUDXqX/BtxtU8NfB0QzRtJ8Oe/6SuS4kbhyzVJwjd97EA4PKrzJ8bw==",
      "dependencies": {
        "es5-ext": "^0.10.64",
        "type": "^2.7.2"
      },
      "engines": {
        "node": ">=0.12"
      }
    },
    "node_modules/danmu.js": {
      "version": "1.1.13",
      "resolved": "https://registry.npmmirror.com/danmu.js/-/danmu.js-1.1.13.tgz",
      "integrity": "sha512-knFd0/cB2HA4FFWiA7eB2suc5vCvoHdqio33FyyCSfP7C+1A+zQcTvnvwfxaZhrxsGj4qaQI2I8XiTqedRaVmg==",
      "dependencies": {
        "event-emitter": "^0.3.5"
      }
    },
    "node_modules/delegate": {
      "version": "3.2.0",
      "resolved": "https://registry.npmmirror.com/delegate/-/delegate-3.2.0.tgz",
      "integrity": "sha512-IofjkYBZaZivn0V8nnsMJGBr4jVLxHDheKSW88PyxS5QC4Vo9ZbZVvhzlSxY87fVq3STR6r+4cGepyHkcWOQSw=="
    },
    "node_modules/downloadjs": {
      "version": "1.4.7",
      "resolved": "https://registry.npmmirror.com/downloadjs/-/downloadjs-1.4.7.tgz",
      "integrity": "sha512-LN1gO7+u9xjU5oEScGFKvXhYf7Y/empUIIEAGBs1LzUq/rg5duiDrkuH5A2lQGd5jfMOb9X9usDa2oVXwJ0U/Q=="
    },
    "node_modules/es5-ext": {
      "version": "0.10.64",
      "resolved": "https://registry.npmmirror.com/es5-ext/-/es5-ext-0.10.64.tgz",
      "integrity": "sha512-p2snDhiLaXe6dahss1LddxqEm+SkuDvV8dnIQG0MWjyHpcMNfXKPE+/Cc0y+PhxJX3A4xGNeFCj5oc0BUh6deg==",
      "hasInstallScript": true,
      "dependencies": {
        "es6-iterator": "^2.0.3",
        "es6-symbol": "^3.1.3",
        "esniff": "^2.0.1",
        "next-tick": "^1.1.0"
      },
      "engines": {
        "node": ">=0.10"
      }
    },
    "node_modules/es6-iterator": {
      "version": "2.0.3",
      "resolved": "https://registry.npmmirror.com/es6-iterator/-/es6-iterator-2.0.3.tgz",
      "integrity": "sha512-zw4SRzoUkd+cl+ZoE15A9o1oQd920Bb0iOJMQkQhl3jNc03YqVjAhG7scf9C5KWRU/R13Orf588uCC6525o02g==",
      "dependencies": {
        "d": "1",
        "es5-ext": "^0.10.35",
        "es6-symbol": "^3.1.1"
      }
    },
    "node_modules/es6-symbol": {
      "version": "3.1.4",
      "resolved": "https://registry.npmmirror.com/es6-symbol/-/es6-symbol-3.1.4.tgz",
      "integrity": "sha512-U9bFFjX8tFiATgtkJ1zg25+KviIXpgRvRHS8sau3GfhVzThRQrOeksPeT0BWW2MNZs1OEWJ1DPXOQMn0KKRkvg==",
      "dependencies": {
        "d": "^1.0.2",
        "ext": "^1.7.0"
      },
      "engines": {
        "node": ">=0.12"
      }
    },
    "node_modules/esniff": {
      "version": "2.0.1",
      "resolved": "https://registry.npmmirror.com/esniff/-/esniff-2.0.1.tgz",
      "integrity": "sha512-kTUIGKQ/mDPFoJ0oVfcmyJn4iBDRptjNVIzwIFR7tqWXdVI9xfA2RMwY/gbSpJG3lkdWNEjLap/NqVHZiJsdfg==",
      "dependencies": {
        "d": "^1.0.1",
        "es5-ext": "^0.10.62",
        "event-emitter": "^0.3.5",
        "type": "^2.7.2"
      },
      "engines": {
        "node": ">=0.10"
      }
    },
    "node_modules/event-emitter": {
      "version": "0.3.5",
      "resolved": "https://registry.npmmirror.com/event-emitter/-/event-emitter-0.3.5.tgz",
      "integrity": "sha512-D9rRn9y7kLPnJ+hMq7S/nhvoKwwvVJahBi2BPmx3bvbsEdK3W9ii8cBSGjP+72/LnM4n6fo3+dkCX5FeTQruXA==",
      "dependencies": {
        "d": "1",
        "es5-ext": "~0.10.14"
      }
    },
    "node_modules/eventemitter3": {
      "version": "4.0.7",
      "resolved": "https://registry.npmmirror.com/eventemitter3/-/eventemitter3-4.0.7.tgz",
      "integrity": "sha512-8guHBZCwKnFhYdHr2ysuRWErTwhoN2X8XELRlrRwpmfeY2jjuUN4taQMsULKUVo1K4DvZl+0pgfyoysHxvmvEw=="
    },
    "node_modules/ext": {
      "version": "1.7.0",
      "resolved": "https://registry.npmmirror.com/ext/-/ext-1.7.0.tgz",
      "integrity": "sha512-6hxeJYaL110a9b5TEJSj0gojyHQAmA2ch5Os+ySCiA1QGdS697XWY1pzsrSjqA9LDEEgdB/KypIlR59RcLuHYw==",
      "dependencies": {
        "type": "^2.7.2"
      }
    },
    "node_modules/next-tick": {
      "version": "1.1.0",
      "resolved": "https://registry.npmmirror.com/next-tick/-/next-tick-1.1.0.tgz",
      "integrity": "sha512-CXdUiJembsNjuToQvxayPZF9Vqht7hewsvy2sOWafLvi2awflj9mOC6bHIg50orX8IJvWKY9wYQ/zB2kogPslQ=="
    },
    "node_modules/regenerator-runtime": {
      "version": "0.14.1",
      "resolved": "https://registry.npmmirror.com/regenerator-runtime/-/regenerator-runtime-0.14.1.tgz",
      "integrity": "sha512-dYnhHh0nJoMfnkZs6GmmhFknAGRrLznOu5nc9ML+EJxGvrx6H7teuevqVqCuPcPK//3eDrrjQhehXVx9cnkGdw=="
    },
    "node_modules/type": {
      "version": "2.7.2",
      "resolved": "https://registry.npmmirror.com/type/-/type-2.7.2.tgz",
      "integrity": "sha512-dzlvlNlt6AXU7EBSfpAscydQ7gXB+pPGsPnfJnZpiNJBDj7IaJzQlBZYGdEi4R9HmPdBv2XmWJ6YUtoTa7lmCw=="
    },
    "node_modules/xgplayer": {
      "version": "3.0.14",
      "resolved": "https://registry.npmmirror.com/xgplayer/-/xgplayer-3.0.14.tgz",
      "integrity": "sha512-TPS77hUIcM1zVx6FSpGG+OzfMwjwxxWihd+YxVx82DQ22QK60v8TXWSZlWISbmS1+fAlFneesvXDjwy60tC37w==",
      "dependencies": {
        "danmu.js": ">=1.1.6",
        "delegate": "^3.2.0",
        "downloadjs": "1.4.7",
        "eventemitter3": "^4.0.7",
        "xgplayer-subtitles": "3.0.14"
      },
      "peerDependencies": {
        "core-js": ">=3.12.1"
      }
    },
    "node_modules/xgplayer-flv": {
      "version": "3.0.14",
      "resolved": "https://registry.npmmirror.com/xgplayer-flv/-/xgplayer-flv-3.0.14.tgz",
      "integrity": "sha512-9mSBUbbzkJhFjQOaU8SvnEzDj4Y9tkHsW0IaIxCDi/DlDcHzSubdiuuTVNf1A5cgUSTnFHxwDJtzqVm6FhmTeg==",
      "dependencies": {
        "eventemitter3": "^4.0.7",
        "xgplayer-streaming-shared": "3.0.14",
        "xgplayer-transmuxer": "3.0.14"
      },
      "peerDependencies": {
        "core-js": ">=3.12.1",
        "xgplayer": ">=3.0.1"
      }
    },
    "node_modules/xgplayer-streaming-shared": {
      "version": "3.0.14",
      "resolved": "https://registry.npmmirror.com/xgplayer-streaming-shared/-/xgplayer-streaming-shared-3.0.14.tgz",
      "integrity": "sha512-XBXNjnMfFDl15kQfXNgmAkaDqRdN0PhxVFBm7+TezillpTdLmqj+HD90F6BargdZVJ4I20/YHYdb9qBg+hUDhg==",
      "dependencies": {
        "eventemitter3": "^4.0.7"
      },
      "peerDependencies": {
        "core-js": ">=3.12.1"
      }
    },
    "node_modules/xgplayer-subtitles": {
      "version": "3.0.14",
      "resolved": "https://registry.npmmirror.com/xgplayer-subtitles/-/xgplayer-subtitles-3.0.14.tgz",
      "integrity": "sha512-w6H1h+g3kOI477kv2QBRMZe3M/1dHLXttHBwq4LwKTPGVQ19fLIDGwkfn+HeKwe1ocGDaaq96bS+l+BadnP9TA==",
      "dependencies": {
        "eventemitter3": "^4.0.7"
      },
      "peerDependencies": {
        "core-js": ">=3.12.1"
      }
    },
    "node_modules/xgplayer-transmuxer": {
      "version": "3.0.14",
      "resolved": "https://registry.npmmirror.com/xgplayer-transmuxer/-/xgplayer-transmuxer-3.0.14.tgz",
      "integrity": "sha512-lMS2EwuA6tToCC4NuyJ5Ax0UDaaWU/YuaSkI/Bsj+vHkEzO42vgi2EerSPr91Moz05KhG/+4Vt8qMKUVFjhGTw==",
      "dependencies": {
        "@babel/runtime": "^7.15.3",
        "concat-typed-array": "^1.0.2",
        "crypto-es": "^1.2.4"
      },
      "peerDependencies": {
        "core-js": ">=3.12.1"
      }
    }
  }
}
